
Microsoft Visual Studio Solution File, Format Version 12.00
# Visual Studio 2015
Project("{FAE04EC0-301F-11D3-BF4B-00C04F79EFBC}") = "Testing Player Logs.CSharp", "Testing Player Logs.CSharp.csproj", "{66CE484D-2C58-781A-6C40-B235719D3D45}"
EndProject
Project("{FAE04EC0-301F-11D3-BF4B-00C04F79EFBC}") = "Testing Player Logs.CSharp.Editor", "Testing Player Logs.CSharp.Editor.csproj", "{095022E9-781D-625F-7B04-A1AA7B6D0FEE}"
EndProject
Global
	GlobalSection(SolutionConfigurationPlatforms) = preSolution
		Debug|Any CPU = Debug|Any CPU
		Release|Any CPU = Release|Any CPU
	EndGlobalSection
	GlobalSection(ProjectConfigurationPlatforms) = postSolution
		{66CE484D-2C58-781A-6C40-B235719D3D45}.Debug|Any CPU.ActiveCfg = Debug|Any CPU
		{66CE484D-2C58-781A-6C40-B235719D3D45}.Debug|Any CPU.Build.0 = Debug|Any CPU
		{66CE484D-2C58-781A-6C40-B235719D3D45}.Release|Any CPU.ActiveCfg = Release|Any CPU
		{66CE484D-2C58-781A-6C40-B235719D3D45}.Release|Any CPU.Build.0 = Release|Any CPU
		{095022E9-781D-625F-7B04-A1AA7B6D0FEE}.Debug|Any CPU.ActiveCfg = Debug|Any CPU
		{095022E9-781D-625F-7B04-A1AA7B6D0FEE}.Debug|Any CPU.Build.0 = Debug|Any CPU
		{095022E9-781D-625F-7B04-A1AA7B6D0FEE}.Release|Any CPU.ActiveCfg = Release|Any CPU
		{095022E9-781D-625F-7B04-A1AA7B6D0FEE}.Release|Any CPU.Build.0 = Release|Any CPU
	EndGlobalSection
	GlobalSection(SolutionProperties) = preSolution
		HideSolutionNode = FALSE
	EndGlobalSection
EndGlobal
